{
  "name": "mainapp",
  "version": "1.0.3",
  "lockfileVersion": 1,
  "requires": true,
  "dependencies": {
    "analytics": {
      "version": "1.0.3",
      "requires": {
        "lodash": "^4.17.15"
      },
      "dependencies": {
        "lodash": {
          "version": "4.17.15",
          "resolved": "https://registry.npmjs.org/lodash/-/lodash-4.17.15.tgz",
          "integrity": "sha512-8xOcRHvCjnocdS5cpwXQXVzmmh5e5+saE2QGoeQmbKmRS6J3VQppPOIt0MnmE+4xlZoumy0GPG0D0MVIQbNA1A=="
        }
      }
    },
    "analytics1": {
      "version": "npm:analytics@1.0.1",
      "resolved": "http://localhost:4873/analytics/-/analytics-1.0.1.tgz",
      "integrity": "sha512-k6yXxgW1kBrSPdszpvky0HMjJfg2tA4ISvKZ/tc8K97S8tw31yxhbZVL/9h+Xhz598wldfrmaJTsEvQs/Ui+kg==",
      "requires": {
        "lodash": "^4.17.15"
      },
      "dependencies": {
        "lodash": {
          "version": "4.17.15",
          "resolved": "http://localhost:4873/lodash/-/lodash-4.17.15.tgz",
          "integrity": "sha512-8xOcRHvCjnocdS5cpwXQXVzmmh5e5+saE2QGoeQmbKmRS6J3VQppPOIt0MnmE+4xlZoumy0GPG0D0MVIQbNA1A=="
        }
      }
    },
    "charenc": {
      "version": "0.0.2",
      "resolved": "http://localhost:4873/charenc/-/charenc-0.0.2.tgz",
      "integrity": "sha1-wKHS86cJLgN3S/qD8UwPxXkKhmc="
    },
    "crypt": {
      "version": "0.0.2",
      "resolved": "http://localhost:4873/crypt/-/crypt-0.0.2.tgz",
      "integrity": "sha1-iNf/fsDfuG9xPch7u0LQRNPmxBs="
    },
    "filling": {
      "version": "1.0.3",
      "requires": {
        "analytics": "^1.0.3",
        "lodash": "^4.17.15",
        "recognition": "^1.0.1"
      },
      "dependencies": {
        "analytics": {
          "version": "1.0.3",
          "requires": {
            "lodash": "^4.17.15"
          },
          "dependencies": {
            "lodash": {
              "version": "4.17.15",
              "resolved": "https://registry.npmjs.org/lodash/-/lodash-4.17.15.tgz",
              "integrity": "sha512-8xOcRHvCjnocdS5cpwXQXVzmmh5e5+saE2QGoeQmbKmRS6J3VQppPOIt0MnmE+4xlZoumy0GPG0D0MVIQbNA1A=="
            }
          }
        },
        "lodash": {
          "version": "4.17.15",
          "resolved": "https://registry.npmjs.org/lodash/-/lodash-4.17.15.tgz",
          "integrity": "sha512-8xOcRHvCjnocdS5cpwXQXVzmmh5e5+saE2QGoeQmbKmRS6J3VQppPOIt0MnmE+4xlZoumy0GPG0D0MVIQbNA1A=="
        },
        "recognition": {
          "version": "1.0.1",
          "requires": {
            "sha1": "^1.1.1"
          },
          "dependencies": {
            "charenc": {
              "version": "0.0.2",
              "resolved": "https://registry.npmjs.org/charenc/-/charenc-0.0.2.tgz",
              "integrity": "sha1-wKHS86cJLgN3S/qD8UwPxXkKhmc="
            },
            "crypt": {
              "version": "0.0.2",
              "resolved": "https://registry.npmjs.org/crypt/-/crypt-0.0.2.tgz",
              "integrity": "sha1-iNf/fsDfuG9xPch7u0LQRNPmxBs="
            },
            "sha1": {
              "version": "1.1.1",
              "resolved": "https://registry.npmjs.org/sha1/-/sha1-1.1.1.tgz",
              "integrity": "sha1-rdqnqTFo85PxnrKxUJFhjicA+Eg=",
              "requires": {
                "charenc": ">= 0.0.1",
                "crypt": ">= 0.0.1"
              }
            }
          }
        }
      }
    },
    "filling1": {
      "version": "npm:filling@1.0.1",
      "resolved": "http://localhost:4873/filling/-/filling-1.0.1.tgz",
      "integrity": "sha512-8tN83YHMEKNyuYw0gjYMwJr0BGew4UoHEvsRQkA0U2JecIjhJGgArTG15hcZa0koJygXSb+/U6MT3FaLQYxbVw==",
      "requires": {
        "analytics": "^1.0.1",
        "lodash": "^4.17.15",
        "recognition": "^1.0.1"
      },
      "dependencies": {
        "lodash": {
          "version": "4.17.15",
          "resolved": "http://localhost:4873/lodash/-/lodash-4.17.15.tgz",
          "integrity": "sha512-8xOcRHvCjnocdS5cpwXQXVzmmh5e5+saE2QGoeQmbKmRS6J3VQppPOIt0MnmE+4xlZoumy0GPG0D0MVIQbNA1A=="
        }
      }
    },
    "recognition": {
      "version": "1.0.1",
      "resolved": "http://localhost:4873/recognition/-/recognition-1.0.1.tgz",
      "integrity": "sha512-VbfcMbePW+a/HHwm/rpSeok9zNWqhQd57NncNmRx+24TaAnm6iouKbmgAewfeHuRk7j8pWmUUPk0osD2XD6Rtg==",
      "requires": {
        "sha1": "^1.1.1"
      }
    },
    "sha1": {
      "version": "1.1.1",
      "resolved": "http://localhost:4873/sha1/-/sha1-1.1.1.tgz",
      "integrity": "sha1-rdqnqTFo85PxnrKxUJFhjicA+Eg=",
      "requires": {
        "charenc": ">= 0.0.1",
        "crypt": ">= 0.0.1"
      }
    },
    "wizard2": {
      "version": "1.0.1"
    }
  }
}
